// !$*UTF8*$!
{ archiveVersion = 1; classes = {}; objectVersion = 56; objects = {
B407BEE70C54F154930B644D = { isa = PBXFileReference; lastKnownFileType = sourcecode.swift; path = "LoockMesa/Views/MusicWidget.swift"; sourceTree = SOURCE_ROOT; };
76AE97A893A6CA95E381937F = { isa = PBXBuildFile; fileRef = B407BEE70C54F154930B644D; };
36B20658972DA7D04BD204D6 = { isa = PBXFileReference; lastKnownFileType = sourcecode.swift; path = "LoockMesa/Services/MusicService.swift"; sourceTree = SOURCE_ROOT; };
446C269B8492E42C77B5985D = { isa = PBXBuildFile; fileRef = 36B20658972DA7D04BD204D6; };
D251E24D6DE70E71DFBACF40 = { isa = PBXFileReference; lastKnownFileType = sourcecode.swift; path = "LoockMesa/Models/MusicModel.swift"; sourceTree = SOURCE_ROOT; };
FED047B15048AA5C882787F5 = { isa = PBXBuildFile; fileRef = D251E24D6DE70E71DFBACF40; };
AAA013000000000000000001 = { isa = PBXFileReference; lastKnownFileType = sourcecode.swift; path = "LoockMesa/Services/LoginService.swift"; sourceTree = SOURCE_ROOT; };
AAA013000000000000000002 = { isa = PBXBuildFile; fileRef = AAA013000000000000000001; };
C53649BCB21E15C792E9429C = { isa = PBXFileReference; lastKnownFileType = sourcecode.swift; path = "LoockMesa/Components/AnalogClock.swift"; sourceTree = SOURCE_ROOT; };
5C52541BBE2D359C1FC52114 = { isa = PBXBuildFile; fileRef = C53649BCB21E15C792E9429C; };
ECFA57EB84841EA4A67E10FE = { isa = PBXFileReference; lastKnownFileType = sourcecode.swift; path = "LoockMesa/Components/DesktopGridView.swift"; sourceTree = SOURCE_ROOT; };
B7C0E5CD4395059D9FBA8348 = { isa = PBXBuildFile; fileRef = ECFA57EB84841EA4A67E10FE; };
35773ADF0E46EF76CEA9E5CA = { isa = PBXFileReference; lastKnownFileType = sourcecode.swift; path = "LoockMesa/Components/FreeClipIcon.swift"; sourceTree = SOURCE_ROOT; };
A25EFB7BBF2F01ECE46D59AD = { isa = PBXBuildFile; fileRef = 35773ADF0E46EF76CEA9E5CA; };
B571B15E4315FAC6B655A3C0 = { isa = PBXFileReference; lastKnownFileType = sourcecode.swift; path = "LoockMesa/Components/WeatherBackground.swift"; sourceTree = SOURCE_ROOT; };
2BC5E1AAF917C885190B7352 = { isa = PBXBuildFile; fileRef = B571B15E4315FAC6B655A3C0; };
90987E8864D000984606BF1F = { isa = PBXFileReference; lastKnownFileType = sourcecode.swift; path = "LoockMesa/LoockMesaApp.swift"; sourceTree = SOURCE_ROOT; };
B5FB0AE9DF85A74667AE2F7D = { isa = PBXBuildFile; fileRef = 90987E8864D000984606BF1F; };
EDB9A198EA11F787DB80F65F = { isa = PBXFileReference; lastKnownFileType = sourcecode.swift; path = "LoockMesa/Models/BluetoothReading.swift"; sourceTree = SOURCE_ROOT; };
B28DD816C1750979271AA34B = { isa = PBXBuildFile; fileRef = EDB9A198EA11F787DB80F65F; };
3A6CDE539A1A7A1901B18373 = { isa = PBXFileReference; lastKnownFileType = sourcecode.swift; path = "LoockMesa/Models/CalendarMonth.swift"; sourceTree = SOURCE_ROOT; };
1EF162946B735A3EA498F784 = { isa = PBXBuildFile; fileRef = 3A6CDE539A1A7A1901B18373; };
6B53739C55130D98C50160FC = { isa = PBXFileReference; lastKnownFileType = sourcecode.swift; path = "LoockMesa/Models/GridLayout.swift"; sourceTree = SOURCE_ROOT; };
31F31B9F3EFF7F0CB3319E90 = { isa = PBXBuildFile; fileRef = 6B53739C55130D98C50160FC; };
A6AD0BFF84C6438FB6500872 = { isa = PBXFileReference; lastKnownFileType = sourcecode.swift; path = "LoockMesa/Models/WeatherData.swift"; sourceTree = SOURCE_ROOT; };
CB4338DF2BCEE0A3917A2EC2 = { isa = PBXBuildFile; fileRef = A6AD0BFF84C6438FB6500872; };
6B5EA344BCE70F072A32B8FF = { isa = PBXFileReference; lastKnownFileType = sourcecode.swift; path = "LoockMesa/Models/WidgetModel.swift"; sourceTree = SOURCE_ROOT; };
2DE78928923549C8D73CC0E5 = { isa = PBXBuildFile; fileRef = 6B5EA344BCE70F072A32B8FF; };
FBA36F0A797CC3B89D7F1CDE = { isa = PBXFileReference; lastKnownFileType = sourcecode.swift; path = "LoockMesa/Services/AgendaService.swift"; sourceTree = SOURCE_ROOT; };
B2EC5729E22822F707BA3F90 = { isa = PBXBuildFile; fileRef = FBA36F0A797CC3B89D7F1CDE; };
3D99C432964DED902E23F044 = { isa = PBXFileReference; lastKnownFileType = sourcecode.swift; path = "LoockMesa/Services/BluetoothBatteryService.swift"; sourceTree = SOURCE_ROOT; };
17B1FA2C0C9E36EA101884B1 = { isa = PBXBuildFile; fileRef = 3D99C432964DED902E23F044; };
411DA3288C2ADDB0F6096A2D = { isa = PBXFileReference; lastKnownFileType = sourcecode.swift; path = "LoockMesa/Services/DesktopController.swift"; sourceTree = SOURCE_ROOT; };
7F61E7E96FBB18875805AE50 = { isa = PBXBuildFile; fileRef = 411DA3288C2ADDB0F6096A2D; };
FE4DCD131D8C1AEA28D9FA1E = { isa = PBXFileReference; lastKnownFileType = sourcecode.swift; path = "LoockMesa/Services/DeviceService.swift"; sourceTree = SOURCE_ROOT; };
8FE888FAA69187E38A9E3748 = { isa = PBXBuildFile; fileRef = FE4DCD131D8C1AEA28D9FA1E; };
03D6B3075AB8567B8A294708 = { isa = PBXFileReference; lastKnownFileType = sourcecode.swift; path = "LoockMesa/Services/WeatherService.swift"; sourceTree = SOURCE_ROOT; };
8FD7BA878C13981686F92D10 = { isa = PBXBuildFile; fileRef = 03D6B3075AB8567B8A294708; };
DBB909DA4B57DF09D3FA6A74 = { isa = PBXFileReference; lastKnownFileType = sourcecode.swift; path = "LoockMesa/Views/CalendarWidget.swift"; sourceTree = SOURCE_ROOT; };
0B81C0238F466465358E927F = { isa = PBXBuildFile; fileRef = DBB909DA4B57DF09D3FA6A74; };
40F9C039077BCBAAF6C662B1 = { isa = PBXFileReference; lastKnownFileType = sourcecode.swift; path = "LoockMesa/Views/GalleryView.swift"; sourceTree = SOURCE_ROOT; };
34054F3BF8B3B0EFA60E0E46 = { isa = PBXBuildFile; fileRef = 40F9C039077BCBAAF6C662B1; };
43E0E38A2AB77B50C87C62C0 = { isa = PBXFileReference; lastKnownFileType = sourcecode.swift; path = "LoockMesa/Views/WidgetFace.swift"; sourceTree = SOURCE_ROOT; };
507ACCACF209D7E7859AA45C = { isa = PBXBuildFile; fileRef = 43E0E38A2AB77B50C87C62C0; };
7D1043473D55BFA90E8530D3 = { isa = PBXFileReference; explicitFileType = wrapper.application; path = LoockMesa.app; sourceTree = BUILT_PRODUCTS_DIR; };
FBDC4F23F93125BBEEAE800C = { isa = PBXGroup; children = (7D1043473D55BFA90E8530D3,); name = Products; sourceTree = "<group>"; };
F3798F81C7B6FECAD2CBFEC7 = { isa = PBXGroup; children = (D251E24D6DE70E71DFBACF40,EDB9A198EA11F787DB80F65F,3A6CDE539A1A7A1901B18373,6B53739C55130D98C50160FC,A6AD0BFF84C6438FB6500872,6B5EA344BCE70F072A32B8FF,); name = Models; sourceTree = "<group>"; };
24BE61285E096FA817D4CDB0 = { isa = PBXGroup; children = (B407BEE70C54F154930B644D,DBB909DA4B57DF09D3FA6A74,40F9C039077BCBAAF6C662B1,43E0E38A2AB77B50C87C62C0,); name = Views; sourceTree = "<group>"; };
5CBD584046863BC7B753E57E = { isa = PBXGroup; children = (36B20658972DA7D04BD204D6,AAA013000000000000000001,FBA36F0A797CC3B89D7F1CDE,3D99C432964DED902E23F044,411DA3288C2ADDB0F6096A2D,FE4DCD131D8C1AEA28D9FA1E,03D6B3075AB8567B8A294708,); name = Services; sourceTree = "<group>"; };
9289473EEEDAEE09D76C8CF1 = { isa = PBXGroup; children = (C53649BCB21E15C792E9429C,ECFA57EB84841EA4A67E10FE,35773ADF0E46EF76CEA9E5CA,B571B15E4315FAC6B655A3C0,); name = Components; sourceTree = "<group>"; };
B28B7AF69320201D1CF206EB = { isa = PBXGroup; children = (90987E8864D000984606BF1F,F3798F81C7B6FECAD2CBFEC7,24BE61285E096FA817D4CDB0,5CBD584046863BC7B753E57E,9289473EEEDAEE09D76C8CF1,FBDC4F23F93125BBEEAE800C,); sourceTree = "<group>"; };
BCE16DD0260827ECF338C787 = { isa = PBXSourcesBuildPhase; buildActionMask = 2147483647; files = (76AE97A893A6CA95E381937F,446C269B8492E42C77B5985D,FED047B15048AA5C882787F5,AAA013000000000000000002,5C52541BBE2D359C1FC52114,B7C0E5CD4395059D9FBA8348,A25EFB7BBF2F01ECE46D59AD,2BC5E1AAF917C885190B7352,B5FB0AE9DF85A74667AE2F7D,B28DD816C1750979271AA34B,1EF162946B735A3EA498F784,31F31B9F3EFF7F0CB3319E90,CB4338DF2BCEE0A3917A2EC2,2DE78928923549C8D73CC0E5,B2EC5729E22822F707BA3F90,17B1FA2C0C9E36EA101884B1,7F61E7E96FBB18875805AE50,8FE888FAA69187E38A9E3748,8FD7BA878C13981686F92D10,0B81C0238F466465358E927F,34054F3BF8B3B0EFA60E0E46,507ACCACF209D7E7859AA45C,); runOnlyForDeploymentPostprocessing = 0; };
7561BFB015D8F536760CB671 = { isa = PBXFrameworksBuildPhase; buildActionMask = 2147483647; files = (); runOnlyForDeploymentPostprocessing = 0; };
0189424A5A60FED329FA868E = { isa = PBXResourcesBuildPhase; buildActionMask = 2147483647; files = (); runOnlyForDeploymentPostprocessing = 0; };
0E8A3AD980EC179856012B7E = { isa = PBXNativeTarget; buildConfigurationList = C57128001CE614BF8549D6BB; buildPhases = (BCE16DD0260827ECF338C787,7561BFB015D8F536760CB671,0189424A5A60FED329FA868E,); buildRules = (); dependencies = (); name = LoockMesa; productName = LoockMesa; productReference = 7D1043473D55BFA90E8530D3; productType = "com.apple.product-type.application"; };
89E1FD6268CC0F221A2BE178 = { isa = XCBuildConfiguration; buildSettings = { CLANG_ENABLE_MODULES = YES; MACOSX_DEPLOYMENT_TARGET = 13.0; SDKROOT = macosx; }; name = Debug; };
7082CC0B6FC1282FCEABD07A = { isa = XCBuildConfiguration; buildSettings = {PRODUCT_NAME = "$(TARGET_NAME)"; PRODUCT_BUNDLE_IDENTIFIER = com.eduvini.LoockMesa; SWIFT_VERSION = 5.0; MACOSX_DEPLOYMENT_TARGET = 13.0; ARCHS = x86_64; CODE_SIGN_STYLE = Automatic; CODE_SIGN_IDENTITY = "-"; ENABLE_APP_SANDBOX = NO; ENABLE_HARDENED_RUNTIME = YES; CODE_SIGN_ENTITLEMENTS = LoockMesa/LoockMesa.entitlements; GENERATE_INFOPLIST_FILE = NO; INFOPLIST_FILE = LoockMesa/Info.plist; SWIFT_OPTIMIZATION_LEVEL = "-Onone"; COMBINE_HIDPI_IMAGES = YES;}; name = Debug; };
E6DE6C99132752C914FEF632 = { isa = XCBuildConfiguration; buildSettings = { CLANG_ENABLE_MODULES = YES; MACOSX_DEPLOYMENT_TARGET = 13.0; SDKROOT = macosx; }; name = Release; };
639A7CA24D39909E713B47F7 = { isa = XCBuildConfiguration; buildSettings = {PRODUCT_NAME = "$(TARGET_NAME)"; PRODUCT_BUNDLE_IDENTIFIER = com.eduvini.LoockMesa; SWIFT_VERSION = 5.0; MACOSX_DEPLOYMENT_TARGET = 13.0; ARCHS = x86_64; CODE_SIGN_STYLE = Automatic; CODE_SIGN_IDENTITY = "-"; ENABLE_APP_SANDBOX = NO; ENABLE_HARDENED_RUNTIME = YES; CODE_SIGN_ENTITLEMENTS = LoockMesa/LoockMesa.entitlements; GENERATE_INFOPLIST_FILE = NO; INFOPLIST_FILE = LoockMesa/Info.plist; SWIFT_OPTIMIZATION_LEVEL = "-O"; COMBINE_HIDPI_IMAGES = YES;}; name = Release; };
862894B703A6DEDF96A9DD6C = { isa = XCConfigurationList; buildConfigurations = (89E1FD6268CC0F221A2BE178,E6DE6C99132752C914FEF632,); defaultConfigurationIsVisible = 0; defaultConfigurationName = Release; };
C57128001CE614BF8549D6BB = { isa = XCConfigurationList; buildConfigurations = (7082CC0B6FC1282FCEABD07A,639A7CA24D39909E713B47F7,); defaultConfigurationIsVisible = 0; defaultConfigurationName = Release; };
98F54143AB4E86B28C3AFEE0 = { isa = PBXProject; attributes = { LastUpgradeCheck = 1520; }; buildConfigurationList = 862894B703A6DEDF96A9DD6C; compatibilityVersion = "Xcode 14.0"; developmentRegion = pt; hasScannedForEncodings = 0; knownRegions = (pt,en,Base); mainGroup = B28B7AF69320201D1CF206EB; productRefGroup = FBDC4F23F93125BBEEAE800C; projectDirPath = ""; projectRoot = ""; targets = (0E8A3AD980EC179856012B7E,); };
}; rootObject = 98F54143AB4E86B28C3AFEE0; }
